// !$*UTF8*$!
{
	archiveVersion = 1;
	classes = {
	};
	objectVersion = 46;
	objects = {

/* Begin PBXBuildFile section */
		8A014E8018CF8FF600C83490 /* MobileDriveModel.m in Sources */ = {isa = PBXBuildFile; fileRef = 8A014E7F18CF8FF600C83490 /* MobileDriveModel.m */; };
		8AFF3ECC18D24CB300FB8A21 /* files.plist in Resources */ = {isa = PBXBuildFile; fileRef = 8AFF3ECB18D24CB300FB8A21 /* files.plist */; };
		DE02776618DA9671003C8F60 /* CODialog.m in Sources */ = {isa = PBXBuildFile; fileRef = DE02776518DA9671003C8F60 /* CODialog.m */; };
		DE0FDF6318C963CB00843686 /* Foundation.framework in Frameworks */ = {isa = PBXBuildFile; fileRef = DE0FDF6218C963CB00843686 /* Foundation.framework */; };
		DE0FDF6518C963CB00843686 /* CoreGraphics.framework in Frameworks */ = {isa = PBXBuildFile; fileRef = DE0FDF6418C963CB00843686 /* CoreGraphics.framework */; };
		DE0FDF6718C963CB00843686 /* UIKit.framework in Frameworks */ = {isa = PBXBuildFile; fileRef = DE0FDF6618C963CB00843686 /* UIKit.framework */; };
		DE0FDF6D18C963CB00843686 /* InfoPlist.strings in Resources */ = {isa = PBXBuildFile; fileRef = DE0FDF6B18C963CB00843686 /* InfoPlist.strings */; };
		DE0FDF6F18C963CB00843686 /* main.m in Sources */ = {isa = PBXBuildFile; fileRef = DE0FDF6E18C963CB00843686 /* main.m */; };
		DE0FDF7318C963CB00843686 /* MobileDriveAppDelegate.m in Sources */ = {isa = PBXBuildFile; fileRef = DE0FDF7218C963CB00843686 /* MobileDriveAppDelegate.m */; };
		DE0FDF7518C963CB00843686 /* Images.xcassets in Resources */ = {isa = PBXBuildFile; fileRef = DE0FDF7418C963CB00843686 /* Images.xcassets */; };
		DE0FDF7C18C963CB00843686 /* XCTest.framework in Frameworks */ = {isa = PBXBuildFile; fileRef = DE0FDF7B18C963CB00843686 /* XCTest.framework */; };
		DE0FDF7D18C963CB00843686 /* Foundation.framework in Frameworks */ = {isa = PBXBuildFile; fileRef = DE0FDF6218C963CB00843686 /* Foundation.framework */; };
		DE0FDF7E18C963CB00843686 /* UIKit.framework in Frameworks */ = {isa = PBXBuildFile; fileRef = DE0FDF6618C963CB00843686 /* UIKit.framework */; };
		DE0FDF8618C963CB00843686 /* InfoPlist.strings in Resources */ = {isa = PBXBuildFile; fileRef = DE0FDF8418C963CB00843686 /* InfoPlist.strings */; };
		DE0FDF8818C963CB00843686 /* mobileDriveTests.m in Sources */ = {isa = PBXBuildFile; fileRef = DE0FDF8718C963CB00843686 /* mobileDriveTests.m */; };
		DE96FBC218CE618B008553D8 /* helpPage.txt in Resources */ = {isa = PBXBuildFile; fileRef = DE96FBC118CE618B008553D8 /* helpPage.txt */; };
		DE9833C718C96BA0003CEA5B /* dbfs in Resources */ = {isa = PBXBuildFile; fileRef = DE9833C618C96BA0003CEA5B /* dbfs */; };
		DED6C4C118D2643900F50F97 /* IPadTableViewController.m in Sources */ = {isa = PBXBuildFile; fileRef = DED6C4C018D2643900F50F97 /* IPadTableViewController.m */; };
		DEF5A1E918E0F2BC0006D1AE /* arrow_down.png in Resources */ = {isa = PBXBuildFile; fileRef = DEF5A1D918E0F2BC0006D1AE /* arrow_down.png */; };
		DEF5A1EA18E0F2BC0006D1AE /* arrow_up.png in Resources */ = {isa = PBXBuildFile; fileRef = DEF5A1DA18E0F2BC0006D1AE /* arrow_up.png */; };
		DEF5A1EB18E0F2BC0006D1AE /* cross.png in Resources */ = {isa = PBXBuildFile; fileRef = DEF5A1DB18E0F2BC0006D1AE /* cross.png */; };
		DEF5A1EC18E0F2BC0006D1AE /* gh-icons.png in Resources */ = {isa = PBXBuildFile; fileRef = DEF5A1DC18E0F2BC0006D1AE /* gh-icons.png */; };
		DEF5A1ED18E0F2BC0006D1AE /* page_link.png in Resources */ = {isa = PBXBuildFile; fileRef = DEF5A1DD18E0F2BC0006D1AE /* page_link.png */; };
		DEF5A1EE18E0F2BC0006D1AE /* type_directory.png in Resources */ = {isa = PBXBuildFile; fileRef = DEF5A1DE18E0F2BC0006D1AE /* type_directory.png */; };
		DEF5A1EF18E0F2BC0006D1AE /* type_text.png in Resources */ = {isa = PBXBuildFile; fileRef = DEF5A1DF18E0F2BC0006D1AE /* type_text.png */; };
		DEF5A1F018E0F2BC0006D1AE /* index.html in Resources */ = {isa = PBXBuildFile; fileRef = DEF5A1E018E0F2BC0006D1AE /* index.html */; };
		DEF5A1F518E0F2BC0006D1AE /* gh-buttons.css in Resources */ = {isa = PBXBuildFile; fileRef = DEF5A1E718E0F2BC0006D1AE /* gh-buttons.css */; };
		DEF5A1F618E0F2BC0006D1AE /* style.css in Resources */ = {isa = PBXBuildFile; fileRef = DEF5A1E818E0F2BC0006D1AE /* style.css */; };
		DEF84A6018E0FCF3009AC0CC /* README.md in Resources */ = {isa = PBXBuildFile; fileRef = DEF84A5F18E0FCF3009AC0CC /* README.md */; };
/* End PBXBuildFile section */

/* Begin PBXContainerItemProxy section */
		DE0FDF7F18C963CB00843686 /* PBXContainerItemProxy */ = {
			isa = PBXContainerItemProxy;
			containerPortal = DE0FDF5718C963CB00843686 /* Project object */;
			proxyType = 1;
			remoteGlobalIDString = DE0FDF5E18C963CB00843686;
			remoteInfo = mobileDrive;
		};
/* End PBXContainerItemProxy section */

/* Begin PBXFileReference section */
		8A014E7618CF825600C83490 /* QuartzCore.framework */ = {isa = PBXFileReference; lastKnownFileType = wrapper.framework; name = QuartzCore.framework; path = System/Library/Frameworks/QuartzCore.framework; sourceTree = SDKROOT; };
		8A014E7E18CF8FF600C83490 /* MobileDriveModel.h */ = {isa = PBXFileReference; fileEncoding = 4; lastKnownFileType = sourcecode.c.h; path = MobileDriveModel.h; sourceTree = "<group>"; };
		8A014E7F18CF8FF600C83490 /* MobileDriveModel.m */ = {isa = PBXFileReference; fileEncoding = 4; lastKnownFileType = sourcecode.c.objc; path = MobileDriveModel.m; sourceTree = "<group>"; };
		8AFF3ECB18D24CB300FB8A21 /* files.plist */ = {isa = PBXFileReference; fileEncoding = 4; lastKnownFileType = text.plist.xml; path = files.plist; sourceTree = "<group>"; };
		DE02776418DA9671003C8F60 /* CODialog.h */ = {isa = PBXFileReference; fileEncoding = 4; lastKnownFileType = sourcecode.c.h; path = CODialog.h; sourceTree = "<group>"; };
		DE02776518DA9671003C8F60 /* CODialog.m */ = {isa = PBXFileReference; fileEncoding = 4; lastKnownFileType = sourcecode.c.objc; path = CODialog.m; sourceTree = "<group>"; };
		DE0FDF5F18C963CB00843686 /* mobileDrive.app */ = {isa = PBXFileReference; explicitFileType = wrapper.application; includeInIndex = 0; path = mobileDrive.app; sourceTree = BUILT_PRODUCTS_DIR; };
		DE0FDF6218C963CB00843686 /* Foundation.framework */ = {isa = PBXFileReference; lastKnownFileType = wrapper.framework; name = Foundation.framework; path = System/Library/Frameworks/Foundation.framework; sourceTree = SDKROOT; };
		DE0FDF6418C963CB00843686 /* CoreGraphics.framework */ = {isa = PBXFileReference; lastKnownFileType = wrapper.framework; name = CoreGraphics.framework; path = System/Library/Frameworks/CoreGraphics.framework; sourceTree = SDKROOT; };
		DE0FDF6618C963CB00843686 /* UIKit.framework */ = {isa = PBXFileReference; lastKnownFileType = wrapper.framework; name = UIKit.framework; path = System/Library/Frameworks/UIKit.framework; sourceTree = SDKROOT; };
		DE0FDF6A18C963CB00843686 /* mobileDrive-Info.plist */ = {isa = PBXFileReference; lastKnownFileType = text.plist.xml; path = "mobileDrive-Info.plist"; sourceTree = "<group>"; };
		DE0FDF6C18C963CB00843686 /* en */ = {isa = PBXFileReference; lastKnownFileType = text.plist.strings; name = en; path = en.lproj/InfoPlist.strings; sourceTree = "<group>"; };
		DE0FDF6E18C963CB00843686 /* main.m */ = {isa = PBXFileReference; lastKnownFileType = sourcecode.c.objc; path = main.m; sourceTree = "<group>"; };
		DE0FDF7018C963CB00843686 /* mobileDrive-Prefix.pch */ = {isa = PBXFileReference; lastKnownFileType = sourcecode.c.h; path = "mobileDrive-Prefix.pch"; sourceTree = "<group>"; };
		DE0FDF7118C963CB00843686 /* MobileDriveAppDelegate.h */ = {isa = PBXFileReference; lastKnownFileType = sourcecode.c.h; path = MobileDriveAppDelegate.h; sourceTree = "<group>"; };
		DE0FDF7218C963CB00843686 /* MobileDriveAppDelegate.m */ = {isa = PBXFileReference; lastKnownFileType = sourcecode.c.objc; path = MobileDriveAppDelegate.m; sourceTree = "<group>"; };
		DE0FDF7418C963CB00843686 /* Images.xcassets */ = {isa = PBXFileReference; lastKnownFileType = folder.assetcatalog; path = Images.xcassets; sourceTree = "<group>"; };
		DE0FDF7A18C963CB00843686 /* mobileDriveTests.xctest */ = {isa = PBXFileReference; explicitFileType = wrapper.cfbundle; includeInIndex = 0; path = mobileDriveTests.xctest; sourceTree = BUILT_PRODUCTS_DIR; };
		DE0FDF7B18C963CB00843686 /* XCTest.framework */ = {isa = PBXFileReference; lastKnownFileType = wrapper.framework; name = XCTest.framework; path = Library/Frameworks/XCTest.framework; sourceTree = DEVELOPER_DIR; };
		DE0FDF8318C963CB00843686 /* mobileDriveTests-Info.plist */ = {isa = PBXFileReference; lastKnownFileType = text.plist.xml; path = "mobileDriveTests-Info.plist"; sourceTree = "<group>"; };
		DE0FDF8518C963CB00843686 /* en */ = {isa = PBXFileReference; lastKnownFileType = text.plist.strings; name = en; path = en.lproj/InfoPlist.strings; sourceTree = "<group>"; };
		DE0FDF8718C963CB00843686 /* mobileDriveTests.m */ = {isa = PBXFileReference; lastKnownFileType = sourcecode.c.objc; path = mobileDriveTests.m; sourceTree = "<group>"; };
		DE96FBC118CE618B008553D8 /* helpPage.txt */ = {isa = PBXFileReference; fileEncoding = 4; lastKnownFileType = text; path = helpPage.txt; sourceTree = "<group>"; };
		DE9833C618C96BA0003CEA5B /* dbfs */ = {isa = PBXFileReference; lastKnownFileType = folder; path = dbfs; sourceTree = "<group>"; };
		DE9833C818C96BBC003CEA5B /* Makefile */ = {isa = PBXFileReference; fileEncoding = 4; lastKnownFileType = sourcecode.make; path = Makefile; sourceTree = "<group>"; };
		DED6C4BD18D2608300F50F97 /* files.plist */ = {isa = PBXFileReference; fileEncoding = 4; lastKnownFileType = text.plist.xml; path = files.plist; sourceTree = "<group>"; };
		DED6C4BF18D2643900F50F97 /* IPadTableViewController.h */ = {isa = PBXFileReference; fileEncoding = 4; lastKnownFileType = sourcecode.c.h; path = IPadTableViewController.h; sourceTree = "<group>"; };
		DED6C4C018D2643900F50F97 /* IPadTableViewController.m */ = {isa = PBXFileReference; fileEncoding = 4; lastKnownFileType = sourcecode.c.objc; path = IPadTableViewController.m; sourceTree = "<group>"; };
		DEF5A1D918E0F2BC0006D1AE /* arrow_down.png */ = {isa = PBXFileReference; lastKnownFileType = image.png; path = arrow_down.png; sourceTree = "<group>"; };
		DEF5A1DA18E0F2BC0006D1AE /* arrow_up.png */ = {isa = PBXFileReference; lastKnownFileType = image.png; path = arrow_up.png; sourceTree = "<group>"; };
		DEF5A1DB18E0F2BC0006D1AE /* cross.png */ = {isa = PBXFileReference; lastKnownFileType = image.png; path = cross.png; sourceTree = "<group>"; };
		DEF5A1DC18E0F2BC0006D1AE /* gh-icons.png */ = {isa = PBXFileReference; lastKnownFileType = image.png; path = "gh-icons.png"; sourceTree = "<group>"; };
		DEF5A1DD18E0F2BC0006D1AE /* page_link.png */ = {isa = PBXFileReference; lastKnownFileType = image.png; path = page_link.png; sourceTree = "<group>"; };
		DEF5A1DE18E0F2BC0006D1AE /* type_directory.png */ = {isa = PBXFileReference; lastKnownFileType = image.png; path = type_directory.png; sourceTree = "<group>"; };
		DEF5A1DF18E0F2BC0006D1AE /* type_text.png */ = {isa = PBXFileReference; lastKnownFileType = image.png; path = type_text.png; sourceTree = "<group>"; };
		DEF5A1E018E0F2BC0006D1AE /* index.html */ = {isa = PBXFileReference; fileEncoding = 4; lastKnownFileType = text.html; path = index.html; sourceTree = "<group>"; };
		DEF5A1E218E0F2BC0006D1AE /* filesystem.js */ = {isa = PBXFileReference; fileEncoding = 4; lastKnownFileType = sourcecode.javascript; path = filesystem.js; sourceTree = "<group>"; };
		DEF5A1E318E0F2BC0006D1AE /* jquery.min.js */ = {isa = PBXFileReference; fileEncoding = 4; lastKnownFileType = sourcecode.javascript; path = jquery.min.js; sourceTree = "<group>"; };
		DEF5A1E418E0F2BC0006D1AE /* jquery.omniwindow.js */ = {isa = PBXFileReference; fileEncoding = 4; lastKnownFileType = sourcecode.javascript; path = jquery.omniwindow.js; sourceTree = "<group>"; };
		DEF5A1E518E0F2BC0006D1AE /* ui.js */ = {isa = PBXFileReference; fileEncoding = 4; lastKnownFileType = sourcecode.javascript; path = ui.js; sourceTree = "<group>"; };
		DEF5A1E718E0F2BC0006D1AE /* gh-buttons.css */ = {isa = PBXFileReference; fileEncoding = 4; lastKnownFileType = text.css; path = "gh-buttons.css"; sourceTree = "<group>"; };
		DEF5A1E818E0F2BC0006D1AE /* style.css */ = {isa = PBXFileReference; fileEncoding = 4; lastKnownFileType = text.css; path = style.css; sourceTree = "<group>"; };
		DEF84A5F18E0FCF3009AC0CC /* README.md */ = {isa = PBXFileReference; fileEncoding = 4; lastKnownFileType = text; path = README.md; sourceTree = "<group>"; };
/* End PBXFileReference section */

/* Begin PBXFrameworksBuildPhase section */
		DE0FDF5C18C963CB00843686 /* Frameworks */ = {
			isa = PBXFrameworksBuildPhase;
			buildActionMask = 2147483647;
			files = (
				DE0FDF6518C963CB00843686 /* CoreGraphics.framework in Frameworks */,
				DE0FDF6718C963CB00843686 /* UIKit.framework in Frameworks */,
				DE0FDF6318C963CB00843686 /* Foundation.framework in Frameworks */,
			);
			runOnlyForDeploymentPostprocessing = 0;
		};
		DE0FDF7718C963CB00843686 /* Frameworks */ = {
			isa = PBXFrameworksBuildPhase;
			buildActionMask = 2147483647;
			files = (
				DE0FDF7C18C963CB00843686 /* XCTest.framework in Frameworks */,
				DE0FDF7E18C963CB00843686 /* UIKit.framework in Frameworks */,
				DE0FDF7D18C963CB00843686 /* Foundation.framework in Frameworks */,
			);
			runOnlyForDeploymentPostprocessing = 0;
		};
/* End PBXFrameworksBuildPhase section */

/* Begin PBXGroup section */
		DE0FDF5618C963CA00843686 = {
			isa = PBXGroup;
			children = (
				DEF84A5F18E0FCF3009AC0CC /* README.md */,
				DE0FDF6818C963CB00843686 /* mobileDrive */,
				DE0FDF8118C963CB00843686 /* mobileDriveTests */,
				DE0FDF6118C963CB00843686 /* Frameworks */,
				DE0FDF6018C963CB00843686 /* Products */,
			);
			sourceTree = "<group>";
		};
		DE0FDF6018C963CB00843686 /* Products */ = {
			isa = PBXGroup;
			children = (
				DE0FDF5F18C963CB00843686 /* mobileDrive.app */,
				DE0FDF7A18C963CB00843686 /* mobileDriveTests.xctest */,
			);
			name = Products;
			sourceTree = "<group>";
		};
		DE0FDF6118C963CB00843686 /* Frameworks */ = {
			isa = PBXGroup;
			children = (
				8A014E7618CF825600C83490 /* QuartzCore.framework */,
				DE0FDF6218C963CB00843686 /* Foundation.framework */,
				DE0FDF6418C963CB00843686 /* CoreGraphics.framework */,
				DE0FDF6618C963CB00843686 /* UIKit.framework */,
				DE0FDF7B18C963CB00843686 /* XCTest.framework */,
			);
			name = Frameworks;
			sourceTree = "<group>";
		};
		DE0FDF6818C963CB00843686 /* mobileDrive */ = {
			isa = PBXGroup;
			children = (
				8AFF3ECB18D24CB300FB8A21 /* files.plist */,
				DEF5A1D718E0F2BC0006D1AE /* web */,
				DE9833C618C96BA0003CEA5B /* dbfs */,
				DE0FDF7118C963CB00843686 /* MobileDriveAppDelegate.h */,
				DE0FDF7218C963CB00843686 /* MobileDriveAppDelegate.m */,
				DE02776418DA9671003C8F60 /* CODialog.h */,
				DE02776518DA9671003C8F60 /* CODialog.m */,
				DED6C4BF18D2643900F50F97 /* IPadTableViewController.h */,
				DED6C4C018D2643900F50F97 /* IPadTableViewController.m */,
				8A014E7E18CF8FF600C83490 /* MobileDriveModel.h */,
				8A014E7F18CF8FF600C83490 /* MobileDriveModel.m */,
				DE0FDF7418C963CB00843686 /* Images.xcassets */,
				DED6C4BD18D2608300F50F97 /* files.plist */,
				DE9833C818C96BBC003CEA5B /* Makefile */,
				DE96FBC118CE618B008553D8 /* helpPage.txt */,
				DE0FDF6918C963CB00843686 /* Supporting Files */,
			);
			path = mobileDrive;
			sourceTree = "<group>";
		};
		DE0FDF6918C963CB00843686 /* Supporting Files */ = {
			isa = PBXGroup;
			children = (
				DE0FDF6A18C963CB00843686 /* mobileDrive-Info.plist */,
				DE0FDF6B18C963CB00843686 /* InfoPlist.strings */,
				DE0FDF6E18C963CB00843686 /* main.m */,
				DE0FDF7018C963CB00843686 /* mobileDrive-Prefix.pch */,
			);
			name = "Supporting Files";
			sourceTree = "<group>";
		};
		DE0FDF8118C963CB00843686 /* mobileDriveTests */ = {
			isa = PBXGroup;
			children = (
				DE0FDF8718C963CB00843686 /* mobileDriveTests.m */,
				DE0FDF8218C963CB00843686 /* Supporting Files */,
			);
			path = mobileDriveTests;
			sourceTree = "<group>";
		};
		DE0FDF8218C963CB00843686 /* Supporting Files */ = {
			isa = PBXGroup;
			children = (
				DE0FDF8318C963CB00843686 /* mobileDriveTests-Info.plist */,
				DE0FDF8418C963CB00843686 /* InfoPlist.strings */,
			);
			name = "Supporting Files";
			sourceTree = "<group>";
		};
		DEF5A1D718E0F2BC0006D1AE /* web */ = {
			isa = PBXGroup;
			children = (
				DEF5A1D818E0F2BC0006D1AE /* img */,
				DEF5A1E018E0F2BC0006D1AE /* index.html */,
				DEF5A1E118E0F2BC0006D1AE /* js */,
				DEF5A1E618E0F2BC0006D1AE /* styles */,
			);
			path = web;
			sourceTree = "<group>";
		};
		DEF5A1D818E0F2BC0006D1AE /* img */ = {
			isa = PBXGroup;
			children = (
				DEF5A1D918E0F2BC0006D1AE /* arrow_down.png */,
				DEF5A1DA18E0F2BC0006D1AE /* arrow_up.png */,
				DEF5A1DB18E0F2BC0006D1AE /* cross.png */,
				DEF5A1DC18E0F2BC0006D1AE /* gh-icons.png */,
				DEF5A1DD18E0F2BC0006D1AE /* page_link.png */,
				DEF5A1DE18E0F2BC0006D1AE /* type_directory.png */,
				DEF5A1DF18E0F2BC0006D1AE /* type_text.png */,
			);
			path = img;
			sourceTree = "<group>";
		};
		DEF5A1E118E0F2BC0006D1AE /* js */ = {
			isa = PBXGroup;
			children = (
				DEF5A1E218E0F2BC0006D1AE /* filesystem.js */,
				DEF5A1E318E0F2BC0006D1AE /* jquery.min.js */,
				DEF5A1E418E0F2BC0006D1AE /* jquery.omniwindow.js */,
				DEF5A1E518E0F2BC0006D1AE /* ui.js */,
			);
			path = js;
			sourceTree = "<group>";
		};
		DEF5A1E618E0F2BC0006D1AE /* styles */ = {
			isa = PBXGroup;
			children = (
				DEF5A1E718E0F2BC0006D1AE /* gh-buttons.css */,
				DEF5A1E818E0F2BC0006D1AE /* style.css */,
			);
			path = styles;
			sourceTree = "<group>";
		};
/* End PBXGroup section */

/* Begin PBXNativeTarget section */
		DE0FDF5E18C963CB00843686 /* mobileDrive */ = {
			isa = PBXNativeTarget;
			buildConfigurationList = DE0FDF8B18C963CB00843686 /* Build configuration list for PBXNativeTarget "mobileDrive" */;
			buildPhases = (
				DE0FDF5B18C963CB00843686 /* Sources */,
				DE0FDF5C18C963CB00843686 /* Frameworks */,
				DE0FDF5D18C963CB00843686 /* Resources */,
			);
			buildRules = (
			);
			dependencies = (
			);
			name = mobileDrive;
			productName = mobileDrive;
			productReference = DE0FDF5F18C963CB00843686 /* mobileDrive.app */;
			productType = "com.apple.product-type.application";
		};
		DE0FDF7918C963CB00843686 /* mobileDriveTests */ = {
			isa = PBXNativeTarget;
			buildConfigurationList = DE0FDF8E18C963CB00843686 /* Build configuration list for PBXNativeTarget "mobileDriveTests" */;
			buildPhases = (
				DE0FDF7618C963CB00843686 /* Sources */,
				DE0FDF7718C963CB00843686 /* Frameworks */,
				DE0FDF7818C963CB00843686 /* Resources */,
			);
			buildRules = (
			);
			dependencies = (
				DE0FDF8018C963CB00843686 /* PBXTargetDependency */,
			);
			name = mobileDriveTests;
			productName = mobileDriveTests;
			productReference = DE0FDF7A18C963CB00843686 /* mobileDriveTests.xctest */;
			productType = "com.apple.product-type.bundle.unit-test";
		};
/* End PBXNativeTarget section */

/* Begin PBXProject section */
		DE0FDF5718C963CB00843686 /* Project object */ = {
			isa = PBXProject;
			attributes = {
				CLASSPREFIX = MobileDrive;
				LastUpgradeCheck = 0510;
				ORGANIZATIONNAME = "Eric Klinginsmith";
				TargetAttributes = {
					DE0FDF7918C963CB00843686 = {
						TestTargetID = DE0FDF5E18C963CB00843686;
					};
				};
			};
			buildConfigurationList = DE0FDF5A18C963CB00843686 /* Build configuration list for PBXProject "mobileDrive" */;
			compatibilityVersion = "Xcode 3.2";
			developmentRegion = English;
			hasScannedForEncodings = 0;
			knownRegions = (
				en,
			);
			mainGroup = DE0FDF5618C963CA00843686;
			productRefGroup = DE0FDF6018C963CB00843686 /* Products */;
			projectDirPath = "";
			projectRoot = "";
			targets = (
				DE0FDF5E18C963CB00843686 /* mobileDrive */,
				DE0FDF7918C963CB00843686 /* mobileDriveTests */,
			);
		};
/* End PBXProject section */

/* Begin PBXResourcesBuildPhase section */
		DE0FDF5D18C963CB00843686 /* Resources */ = {
			isa = PBXResourcesBuildPhase;
			buildActionMask = 2147483647;
			files = (
				DEF5A1EB18E0F2BC0006D1AE /* cross.png in Resources */,
				DEF5A1F618E0F2BC0006D1AE /* style.css in Resources */,
				DEF5A1EC18E0F2BC0006D1AE /* gh-icons.png in Resources */,
				DEF5A1ED18E0F2BC0006D1AE /* page_link.png in Resources */,
				DE96FBC218CE618B008553D8 /* helpPage.txt in Resources */,
				DEF5A1E918E0F2BC0006D1AE /* arrow_down.png in Resources */,
				DEF84A6018E0FCF3009AC0CC /* README.md in Resources */,
				8AFF3ECC18D24CB300FB8A21 /* files.plist in Resources */,
				DEF5A1F018E0F2BC0006D1AE /* index.html in Resources */,
				DE0FDF6D18C963CB00843686 /* InfoPlist.strings in Resources */,
				DEF5A1F518E0F2BC0006D1AE /* gh-buttons.css in Resources */,
				DE9833C718C96BA0003CEA5B /* dbfs in Resources */,
				DEF5A1EA18E0F2BC0006D1AE /* arrow_up.png in Resources */,
				DE0FDF7518C963CB00843686 /* Images.xcassets in Resources */,
				DEF5A1EE18E0F2BC0006D1AE /* type_directory.png in Resources */,
				DEF5A1EF18E0F2BC0006D1AE /* type_text.png in Resources */,
			);
			runOnlyForDeploymentPostprocessing = 0;
		};
		DE0FDF7818C963CB00843686 /* Resources */ = {
			isa = PBXResourcesBuildPhase;
			buildActionMask = 2147483647;
			files = (
				DE0FDF8618C963CB00843686 /* InfoPlist.strings in Resources */,
			);
			runOnlyForDeploymentPostprocessing = 0;
		};
/* End PBXResourcesBuildPhase section */

/* Begin PBXSourcesBuildPhase section */
		DE0FDF5B18C963CB00843686 /* Sources */ = {
			isa = PBXSourcesBuildPhase;
			buildActionMask = 2147483647;
			files = (
				8A014E8018CF8FF600C83490 /* MobileDriveModel.m in Sources */,
				DED6C4C118D2643900F50F97 /* IPadTableViewController.m in Sources */,
				DE0FDF6F18C963CB00843686 /* main.m in Sources */,
				DE0FDF7318C963CB00843686 /* MobileDriveAppDelegate.m in Sources */,
				DE02776618DA9671003C8F60 /* CODialog.m in Sources */,
			);
			runOnlyForDeploymentPostprocessing = 0;
		};
		DE0FDF7618C963CB00843686 /* Sources */ = {
			isa = PBXSourcesBuildPhase;
			buildActionMask = 2147483647;
			files = (
				DE0FDF8818C963CB00843686 /* mobileDriveTests.m in Sources */,
			);
			runOnlyForDeploymentPostprocessing = 0;
		};
/* End PBXSourcesBuildPhase section */

/* Begin PBXTargetDependency section */
		DE0FDF8018C963CB00843686 /* PBXTargetDependency */ = {
			isa = PBXTargetDependency;
			target = DE0FDF5E18C963CB00843686 /* mobileDrive */;
			targetProxy = DE0FDF7F18C963CB00843686 /* PBXContainerItemProxy */;
		};
/* End PBXTargetDependency section */

/* Begin PBXVariantGroup section */
		DE0FDF6B18C963CB00843686 /* InfoPlist.strings */ = {
			isa = PBXVariantGroup;
			children = (
				DE0FDF6C18C963CB00843686 /* en */,
			);
			name = InfoPlist.strings;
			sourceTree = "<group>";
		};
		DE0FDF8418C963CB00843686 /* InfoPlist.strings */ = {
			isa = PBXVariantGroup;
			children = (
				DE0FDF8518C963CB00843686 /* en */,
			);
			name = InfoPlist.strings;
			sourceTree = "<group>";
		};
/* End PBXVariantGroup section */

/* Begin XCBuildConfiguration section */
		DE0FDF8918C963CB00843686 /* Debug */ = {
			isa = XCBuildConfiguration;
			buildSettings = {
				ALWAYS_SEARCH_USER_PATHS = NO;
				CLANG_CXX_LANGUAGE_STANDARD = "gnu++0x";
				CLANG_CXX_LIBRARY = "libc++";
				CLANG_ENABLE_MODULES = YES;
				CLANG_ENABLE_OBJC_ARC = YES;
				CLANG_WARN_BOOL_CONVERSION = YES;
				CLANG_WARN_CONSTANT_CONVERSION = YES;
				CLANG_WARN_DIRECT_OBJC_ISA_USAGE = YES_ERROR;
				CLANG_WARN_EMPTY_BODY = YES;
				CLANG_WARN_ENUM_CONVERSION = YES;
				CLANG_WARN_INT_CONVERSION = YES;
				CLANG_WARN_OBJC_ROOT_CLASS = YES_ERROR;
				CLANG_WARN__DUPLICATE_METHOD_MATCH = YES;
				"CODE_SIGN_IDENTITY[sdk=iphoneos*]" = "iPhone Developer";
				COPY_PHASE_STRIP = NO;
				GCC_C_LANGUAGE_STANDARD = gnu99;
				GCC_DYNAMIC_NO_PIC = NO;
				GCC_OPTIMIZATION_LEVEL = 0;
				GCC_PREPROCESSOR_DEFINITIONS = (
					"DEBUG=1",
					"$(inherited)",
				);
				GCC_SYMBOLS_PRIVATE_EXTERN = NO;
				GCC_WARN_64_TO_32_BIT_CONVERSION = YES;
				GCC_WARN_ABOUT_RETURN_TYPE = YES_ERROR;
				GCC_WARN_UNDECLARED_SELECTOR = YES;
				GCC_WARN_UNINITIALIZED_AUTOS = YES;
				GCC_WARN_UNUSED_FUNCTION = YES;
				GCC_WARN_UNUSED_VARIABLE = YES;
				IPHONEOS_DEPLOYMENT_TARGET = 7.0;
				ONLY_ACTIVE_ARCH = YES;
				SDKROOT = iphoneos;
				TARGETED_DEVICE_FAMILY = 2;
			};
			name = Debug;
		};
		DE0FDF8A18C963CB00843686 /* Release */ = {
			isa = XCBuildConfiguration;
			buildSettings = {
				ALWAYS_SEARCH_USER_PATHS = NO;
				CLANG_CXX_LANGUAGE_STANDARD = "gnu++0x";
				CLANG_CXX_LIBRARY = "libc++";
				CLANG_ENABLE_MODULES = YES;
				CLANG_ENABLE_OBJC_ARC = YES;
				CLANG_WARN_BOOL_CONVERSION = YES;
				CLANG_WARN_CONSTANT_CONVERSION = YES;
				CLANG_WARN_DIRECT_OBJC_ISA_USAGE = YES_ERROR;
				CLANG_WARN_EMPTY_BODY = YES;
				CLANG_WARN_ENUM_CONVERSION = YES;
				CLANG_WARN_INT_CONVERSION = YES;
				CLANG_WARN_OBJC_ROOT_CLASS = YES_ERROR;
				CLANG_WARN__DUPLICATE_METHOD_MATCH = YES;
				"CODE_SIGN_IDENTITY[sdk=iphoneos*]" = "iPhone Developer";
				COPY_PHASE_STRIP = YES;
				ENABLE_NS_ASSERTIONS = NO;
				GCC_C_LANGUAGE_STANDARD = gnu99;
				GCC_WARN_64_TO_32_BIT_CONVERSION = YES;
				GCC_WARN_ABOUT_RETURN_TYPE = YES_ERROR;
				GCC_WARN_UNDECLARED_SELECTOR = YES;
				GCC_WARN_UNINITIALIZED_AUTOS = YES;
				GCC_WARN_UNUSED_FUNCTION = YES;
				GCC_WARN_UNUSED_VARIABLE = YES;
				IPHONEOS_DEPLOYMENT_TARGET = 7.0;
				SDKROOT = iphoneos;
				TARGETED_DEVICE_FAMILY = 2;
				VALIDATE_PRODUCT = YES;
			};
			name = Release;
		};
		DE0FDF8C18C963CB00843686 /* Debug */ = {
			isa = XCBuildConfiguration;
			buildSettings = {
				ASSETCATALOG_COMPILER_APPICON_NAME = AppIcon;
				ASSETCATALOG_COMPILER_LAUNCHIMAGE_NAME = LaunchImage;
				GCC_PRECOMPILE_PREFIX_HEADER = YES;
				GCC_PREFIX_HEADER = "mobileDrive/mobileDrive-Prefix.pch";
				INFOPLIST_FILE = "mobileDrive/mobileDrive-Info.plist";
				PRODUCT_NAME = "$(TARGET_NAME)";
				WRAPPER_EXTENSION = app;
			};
			name = Debug;
		};
		DE0FDF8D18C963CB00843686 /* Release */ = {
			isa = XCBuildConfiguration;
			buildSettings = {
				ASSETCATALOG_COMPILER_APPICON_NAME = AppIcon;
				ASSETCATALOG_COMPILER_LAUNCHIMAGE_NAME = LaunchImage;
				GCC_PRECOMPILE_PREFIX_HEADER = YES;
				GCC_PREFIX_HEADER = "mobileDrive/mobileDrive-Prefix.pch";
				INFOPLIST_FILE = "mobileDrive/mobileDrive-Info.plist";
				PRODUCT_NAME = "$(TARGET_NAME)";
				WRAPPER_EXTENSION = app;
			};
			name = Release;
		};
		DE0FDF8F18C963CB00843686 /* Debug */ = {
			isa = XCBuildConfiguration;
			buildSettings = {
				BUNDLE_LOADER = "$(BUILT_PRODUCTS_DIR)/mobileDrive.app/mobileDrive";
				FRAMEWORK_SEARCH_PATHS = (
					"$(SDKROOT)/Developer/Library/Frameworks",
					"$(inherited)",
					"$(DEVELOPER_FRAMEWORKS_DIR)",
				);
				GCC_PRECOMPILE_PREFIX_HEADER = YES;
				GCC_PREFIX_HEADER = "mobileDrive/mobileDrive-Prefix.pch";
				GCC_PREPROCESSOR_DEFINITIONS = (
					"DEBUG=1",
					"$(inherited)",
				);
				INFOPLIST_FILE = "mobileDriveTests/mobileDriveTests-Info.plist";
				PRODUCT_NAME = "$(TARGET_NAME)";
				TEST_HOST = "$(BUNDLE_LOADER)";
				WRAPPER_EXTENSION = xctest;
			};
			name = Debug;
		};
		DE0FDF9018C963CB00843686 /* Release */ = {
			isa = XCBuildConfiguration;
			buildSettings = {
				BUNDLE_LOADER = "$(BUILT_PRODUCTS_DIR)/mobileDrive.app/mobileDrive";
				FRAMEWORK_SEARCH_PATHS = (
					"$(SDKROOT)/Developer/Library/Frameworks",
					"$(inherited)",
					"$(DEVELOPER_FRAMEWORKS_DIR)",
				);
				GCC_PRECOMPILE_PREFIX_HEADER = YES;
				GCC_PREFIX_HEADER = "mobileDrive/mobileDrive-Prefix.pch";
				INFOPLIST_FILE = "mobileDriveTests/mobileDriveTests-Info.plist";
				PRODUCT_NAME = "$(TARGET_NAME)";
				TEST_HOST = "$(BUNDLE_LOADER)";
				WRAPPER_EXTENSION = xctest;
			};
			name = Release;
		};
/* End XCBuildConfiguration section */

/* Begin XCConfigurationList section */
		DE0FDF5A18C963CB00843686 /* Build configuration list for PBXProject "mobileDrive" */ = {
			isa = XCConfigurationList;
			buildConfigurations = (
				DE0FDF8918C963CB00843686 /* Debug */,
				DE0FDF8A18C963CB00843686 /* Release */,
			);
			defaultConfigurationIsVisible = 0;
			defaultConfigurationName = Release;
		};
		DE0FDF8B18C963CB00843686 /* Build configuration list for PBXNativeTarget "mobileDrive" */ = {
			isa = XCConfigurationList;
			buildConfigurations = (
				DE0FDF8C18C963CB00843686 /* Debug */,
				DE0FDF8D18C963CB00843686 /* Release */,
			);
			defaultConfigurationIsVisible = 0;
			defaultConfigurationName = Release;
		};
		DE0FDF8E18C963CB00843686 /* Build configuration list for PBXNativeTarget "mobileDriveTests" */ = {
			isa = XCConfigurationList;
			buildConfigurations = (
				DE0FDF8F18C963CB00843686 /* Debug */,
				DE0FDF9018C963CB00843686 /* Release */,
			);
			defaultConfigurationIsVisible = 0;
			defaultConfigurationName = Release;
		};
/* End XCConfigurationList section */
	};
	rootObject = DE0FDF5718C963CB00843686 /* Project object */;
}
